
Microsoft Visual Studio Solution File, Format Version 12.00
# Visual Studio Version 16
VisualStudioVersion = 16.0.31829.152
MinimumVisualStudioVersion = 10.0.40219.1
Project("{FAE04EC0-301F-11D3-BF4B-00C04F79EFBC}") = "App03-Calculadora", "App03-Calculadora.csproj", "{A1BC90AE-B2FB-4B68-B67D-ADC949BF8679}"
EndProject
Global
	GlobalSection(SolutionConfigurationPlatforms) = preSolution
		Debug|Any CPU = Debug|Any CPU
		Release|Any CPU = Release|Any CPU
	EndGlobalSection
	GlobalSection(ProjectConfigurationPlatforms) = postSolution
		{A1BC90AE-B2FB-4B68-B67D-ADC949BF8679}.Debug|Any CPU.ActiveCfg = Debug|Any CPU
		{A1BC90AE-B2FB-4B68-B67D-ADC949BF8679}.Debug|Any CPU.Build.0 = Debug|Any CPU
		{A1BC90AE-B2FB-4B68-B67D-ADC949BF8679}.Release|Any CPU.ActiveCfg = Release|Any CPU
		{A1BC90AE-B2FB-4B68-B67D-ADC949BF8679}.Release|Any CPU.Build.0 = Release|Any CPU
	EndGlobalSection
	GlobalSection(SolutionProperties) = preSolution
		HideSolutionNode = FALSE
	EndGlobalSection
	GlobalSection(ExtensibilityGlobals) = postSolution
		SolutionGuid = {AFA6F389-9CA0-40FB-A32E-48F1BF37EA09}
	EndGlobalSection
EndGlobal
